
Microsoft Visual Studio Solution File, Format Version 12.00
# Visual Studio Version 17
VisualStudioVersion = 17.3.32901.215
MinimumVisualStudioVersion = 10.0.40219.1
Project("{FAE04EC0-301F-11D3-BF4B-00C04F79EFBC}") = "RogueLike", "RogueLike\RogueLike.csproj", "{62DAE2EF-FA75-46DA-A544-BF3907923357}"
EndProject
Global
	GlobalSection(SolutionConfigurationPlatforms) = preSolution
		Debug|Any CPU = Debug|Any CPU
		Release|Any CPU = Release|Any CPU
	EndGlobalSection
	GlobalSection(ProjectConfigurationPlatforms) = postSolution
		{62DAE2EF-FA75-46DA-A544-BF3907923357}.Debug|Any CPU.ActiveCfg = Debug|Any CPU
		{62DAE2EF-FA75-46DA-A544-BF3907923357}.Debug|Any CPU.Build.0 = Debug|Any CPU
		{62DAE2EF-FA75-46DA-A544-BF3907923357}.Release|Any CPU.ActiveCfg = Release|Any CPU
		{62DAE2EF-FA75-46DA-A544-BF3907923357}.Release|Any CPU.Build.0 = Release|Any CPU
	EndGlobalSection
	GlobalSection(SolutionProperties) = preSolution
		HideSolutionNode = FALSE
	EndGlobalSection
	GlobalSection(ExtensibilityGlobals) = postSolution
		SolutionGuid = {88AB7ACB-0C2F-4587-AFAA-41751EE4871E}
	EndGlobalSection
EndGlobal
